// !$*UTF8*$!
{
	archiveVersion = 1;
	classes = {
	};
	objectVersion = 56;
	objects = {

/* Begin PBXBuildFile section */
		373E55D62AECB05C003EB04B /* flipCard.mp3 in Resources */ = {isa = PBXBuildFile; fileRef = 373E55D52AECB05C003EB04B /* flipCard.mp3 */; };
		37BDED692AE9FFD9009B0EEF /* previousCardCollectionCell.swift in Sources */ = {isa = PBXBuildFile; fileRef = 37BDED682AE9FFD9009B0EEF /* previousCardCollectionCell.swift */; };
		37BDED6C2AEAFA9E009B0EEF /* audio.swift in Sources */ = {isa = PBXBuildFile; fileRef = 37BDED6B2AEAFA9E009B0EEF /* audio.swift */; };
		37BDEE122AEB2B7B009B0EEF /* elVioloncello.mp3 in Resources */ = {isa = PBXBuildFile; fileRef = 37BDEDDC2AEB2B79009B0EEF /* elVioloncello.mp3 */; };
		37BDEE132AEB2B7B009B0EEF /* laPera.mp3 in Resources */ = {isa = PBXBuildFile; fileRef = 37BDEDDD2AEB2B79009B0EEF /* laPera.mp3 */; };
		37BDEE142AEB2B7B009B0EEF /* laCalavera.mp3 in Resources */ = {isa = PBXBuildFile; fileRef = 37BDEDDE2AEB2B79009B0EEF /* laCalavera.mp3 */; };
		37BDEE152AEB2B7B009B0EEF /* elApache.mp3 in Resources */ = {isa = PBXBuildFile; fileRef = 37BDEDDF2AEB2B79009B0EEF /* elApache.mp3 */; };
		37BDEE162AEB2B7B009B0EEF /* laCampana.mp3 in Resources */ = {isa = PBXBuildFile; fileRef = 37BDEDE02AEB2B79009B0EEF /* laCampana.mp3 */; };
		37BDEE172AEB2B7B009B0EEF /* laArana.mp3 in Resources */ = {isa = PBXBuildFile; fileRef = 37BDEDE12AEB2B79009B0EEF /* laArana.mp3 */; };
		37BDEE182AEB2B7B009B0EEF /* laEscalera.mp3 in Resources */ = {isa = PBXBuildFile; fileRef = 37BDEDE22AEB2B79009B0EEF /* laEscalera.mp3 */; };
		37BDEE192AEB2B7B009B0EEF /* laBota.mp3 in Resources */ = {isa = PBXBuildFile; fileRef = 37BDEDE32AEB2B79009B0EEF /* laBota.mp3 */; };
		37BDEE1A2AEB2B7B009B0EEF /* elDiablito.mp3 in Resources */ = {isa = PBXBuildFile; fileRef = 37BDEDE42AEB2B79009B0EEF /* elDiablito.mp3 */; };
		37BDEE1B2AEB2B7B009B0EEF /* laBotella.mp3 in Resources */ = {isa = PBXBuildFile; fileRef = 37BDEDE52AEB2B79009B0EEF /* laBotella.mp3 */; };
		37BDEE1C2AEB2B7B009B0EEF /* elTambor.mp3 in Resources */ = {isa = PBXBuildFile; fileRef = 37BDEDE62AEB2B79009B0EEF /* elTambor.mp3 */; };
		37BDEE1D2AEB2B7B009B0EEF /* elPajaro.mp3 in Resources */ = {isa = PBXBuildFile; fileRef = 37BDEDE72AEB2B79009B0EEF /* elPajaro.mp3 */; };
		37BDEE1E2AEB2B7B009B0EEF /* elPino.mp3 in Resources */ = {isa = PBXBuildFile; fileRef = 37BDEDE82AEB2B79009B0EEF /* elPino.mp3 */; };
		37BDEE1F2AEB2B7B009B0EEF /* elPescado.mp3 in Resources */ = {isa = PBXBuildFile; fileRef = 37BDEDE92AEB2B79009B0EEF /* elPescado.mp3 */; };
		37BDEE202AEB2B7B009B0EEF /* elMelon.mp3 in Resources */ = {isa = PBXBuildFile; fileRef = 37BDEDEA2AEB2B79009B0EEF /* elMelon.mp3 */; };
		37BDEE212AEB2B7B009B0EEF /* elCantarito.mp3 in Resources */ = {isa = PBXBuildFile; fileRef = 37BDEDEB2AEB2B79009B0EEF /* elCantarito.mp3 */; };
		37BDEE222AEB2B7B009B0EEF /* laDama.mp3 in Resources */ = {isa = PBXBuildFile; fileRef = 37BDEDEC2AEB2B79009B0EEF /* laDama.mp3 */; };
		37BDEE232AEB2B7B009B0EEF /* laSirena.mp3 in Resources */ = {isa = PBXBuildFile; fileRef = 37BDEDED2AEB2B79009B0EEF /* laSirena.mp3 */; };
		37BDEE242AEB2B7B009B0EEF /* elCorazon.mp3 in Resources */ = {isa = PBXBuildFile; fileRef = 37BDEDEE2AEB2B79009B0EEF /* elCorazon.mp3 */; };
		37BDEE252AEB2B7B009B0EEF /* elAlacran.mp3 in Resources */ = {isa = PBXBuildFile; fileRef = 37BDEDEF2AEB2B79009B0EEF /* elAlacran.mp3 */; };
		37BDEE262AEB2B7B009B0EEF /* elBandolon.mp3 in Resources */ = {isa = PBXBuildFile; fileRef = 37BDEDF02AEB2B79009B0EEF /* elBandolon.mp3 */; };
		37BDEE272AEB2B7B009B0EEF /* laRana.mp3 in Resources */ = {isa = PBXBuildFile; fileRef = 37BDEDF12AEB2B79009B0EEF /* laRana.mp3 */; };
		37BDEE282AEB2B7B009B0EEF /* elValiente.mp3 in Resources */ = {isa = PBXBuildFile; fileRef = 37BDEDF22AEB2B79009B0EEF /* elValiente.mp3 */; };
		37BDEE292AEB2B7B009B0EEF /* elBarril.mp3 in Resources */ = {isa = PBXBuildFile; fileRef = 37BDEDF32AEB2B79009B0EEF /* elBarril.mp3 */; };
		37BDEE2A2AEB2B7B009B0EEF /* elCotorro.mp3 in Resources */ = {isa = PBXBuildFile; fileRef = 37BDEDF42AEB2B79009B0EEF /* elCotorro.mp3 */; };
		37BDEE2B2AEB2B7B009B0EEF /* laSandia.mp3 in Resources */ = {isa = PBXBuildFile; fileRef = 37BDEDF52AEB2B7A009B0EEF /* laSandia.mp3 */; };
		37BDEE2C2AEB2B7B009B0EEF /* elParaguas.mp3 in Resources */ = {isa = PBXBuildFile; fileRef = 37BDEDF62AEB2B7A009B0EEF /* elParaguas.mp3 */; };
		37BDEE2D2AEB2B7B009B0EEF /* elBorracho.mp3 in Resources */ = {isa = PBXBuildFile; fileRef = 37BDEDF72AEB2B7A009B0EEF /* elBorracho.mp3 */; };
		37BDEE2E2AEB2B7B009B0EEF /* elNopal.mp3 in Resources */ = {isa = PBXBuildFile; fileRef = 37BDEDF82AEB2B7A009B0EEF /* elNopal.mp3 */; };
		37BDEE2F2AEB2B7B009B0EEF /* elGallo.mp3 in Resources */ = {isa = PBXBuildFile; fileRef = 37BDEDF92AEB2B7A009B0EEF /* elGallo.mp3 */; };
		37BDEE302AEB2B7B009B0EEF /* elCatrin.mp3 in Resources */ = {isa = PBXBuildFile; fileRef = 37BDEDFA2AEB2B7A009B0EEF /* elCatrin.mp3 */; };
		37BDEE312AEB2B7B009B0EEF /* elGorrito.mp3 in Resources */ = {isa = PBXBuildFile; fileRef = 37BDEDFB2AEB2B7A009B0EEF /* elGorrito.mp3 */; };
		37BDEE322AEB2B7B009B0EEF /* laMano.mp3 in Resources */ = {isa = PBXBuildFile; fileRef = 37BDEDFC2AEB2B7A009B0EEF /* laMano.mp3 */; };
		37BDEE332AEB2B7B009B0EEF /* laLuna.mp3 in Resources */ = {isa = PBXBuildFile; fileRef = 37BDEDFD2AEB2B7A009B0EEF /* laLuna.mp3 */; };
		37BDEE342AEB2B7B009B0EEF /* elMusico.mp3 in Resources */ = {isa = PBXBuildFile; fileRef = 37BDEDFE2AEB2B7A009B0EEF /* elMusico.mp3 */; };
		37BDEE352AEB2B7B009B0EEF /* elSol.mp3 in Resources */ = {isa = PBXBuildFile; fileRef = 37BDEDFF2AEB2B7A009B0EEF /* elSol.mp3 */; };
		37BDEE362AEB2B7B009B0EEF /* elCazo.mp3 in Resources */ = {isa = PBXBuildFile; fileRef = 37BDEE002AEB2B7A009B0EEF /* elCazo.mp3 */; };
		37BDEE372AEB2B7B009B0EEF /* laChalupa.mp3 in Resources */ = {isa = PBXBuildFile; fileRef = 37BDEE012AEB2B7A009B0EEF /* laChalupa.mp3 */; };
		37BDEE382AEB2B7B009B0EEF /* elCamaron.mp3 in Resources */ = {isa = PBXBuildFile; fileRef = 37BDEE022AEB2B7A009B0EEF /* elCamaron.mp3 */; };
		37BDEE392AEB2B7B009B0EEF /* laEstrella.mp3 in Resources */ = {isa = PBXBuildFile; fileRef = 37BDEE032AEB2B7A009B0EEF /* laEstrella.mp3 */; };
		37BDEE3A2AEB2B7B009B0EEF /* lasJaras.mp3 in Resources */ = {isa = PBXBuildFile; fileRef = 37BDEE042AEB2B7A009B0EEF /* lasJaras.mp3 */; };
		37BDEE3B2AEB2B7B009B0EEF /* elArpa.mp3 in Resources */ = {isa = PBXBuildFile; fileRef = 37BDEE052AEB2B7A009B0EEF /* elArpa.mp3 */; };
		37BDEE3C2AEB2B7B009B0EEF /* elMundo.mp3 in Resources */ = {isa = PBXBuildFile; fileRef = 37BDEE062AEB2B7A009B0EEF /* elMundo.mp3 */; };
		37BDEE3D2AEB2B7B009B0EEF /* laRosa.mp3 in Resources */ = {isa = PBXBuildFile; fileRef = 37BDEE072AEB2B7A009B0EEF /* laRosa.mp3 */; };
		37BDEE3E2AEB2B7B009B0EEF /* laMaceta.mp3 in Resources */ = {isa = PBXBuildFile; fileRef = 37BDEE082AEB2B7A009B0EEF /* laMaceta.mp3 */; };
		37BDEE3F2AEB2B7B009B0EEF /* elNegrito.mp3 in Resources */ = {isa = PBXBuildFile; fileRef = 37BDEE092AEB2B7B009B0EEF /* elNegrito.mp3 */; };
		37BDEE402AEB2B7B009B0EEF /* laBandera.mp3 in Resources */ = {isa = PBXBuildFile; fileRef = 37BDEE0A2AEB2B7B009B0EEF /* laBandera.mp3 */; };
		37BDEE412AEB2B7B009B0EEF /* elVenado.mp3 in Resources */ = {isa = PBXBuildFile; fileRef = 37BDEE0B2AEB2B7B009B0EEF /* elVenado.mp3 */; };
		37BDEE422AEB2B7B009B0EEF /* laGarza.mp3 in Resources */ = {isa = PBXBuildFile; fileRef = 37BDEE0C2AEB2B7B009B0EEF /* laGarza.mp3 */; };
		37BDEE432AEB2B7B009B0EEF /* laPalma.mp3 in Resources */ = {isa = PBXBuildFile; fileRef = 37BDEE0D2AEB2B7B009B0EEF /* laPalma.mp3 */; };
		37BDEE442AEB2B7B009B0EEF /* laMuerte.mp3 in Resources */ = {isa = PBXBuildFile; fileRef = 37BDEE0E2AEB2B7B009B0EEF /* laMuerte.mp3 */; };
		37BDEE452AEB2B7B009B0EEF /* laCorona.mp3 in Resources */ = {isa = PBXBuildFile; fileRef = 37BDEE0F2AEB2B7B009B0EEF /* laCorona.mp3 */; };
		37BDEE462AEB2B7B009B0EEF /* elArbol.mp3 in Resources */ = {isa = PBXBuildFile; fileRef = 37BDEE102AEB2B7B009B0EEF /* elArbol.mp3 */; };
		37BDEE472AEB2B7B009B0EEF /* elSoldado.mp3 in Resources */ = {isa = PBXBuildFile; fileRef = 37BDEE112AEB2B7B009B0EEF /* elSoldado.mp3 */; };
		37D9C12A2AE9595E00594C3F /* AppDelegate.swift in Sources */ = {isa = PBXBuildFile; fileRef = 37D9C1292AE9595E00594C3F /* AppDelegate.swift */; };
		37D9C12C2AE9595E00594C3F /* SceneDelegate.swift in Sources */ = {isa = PBXBuildFile; fileRef = 37D9C12B2AE9595E00594C3F /* SceneDelegate.swift */; };
		37D9C1312AE9595E00594C3F /* Main.storyboard in Resources */ = {isa = PBXBuildFile; fileRef = 37D9C12F2AE9595E00594C3F /* Main.storyboard */; };
		37D9C1332AE9596400594C3F /* Assets.xcassets in Resources */ = {isa = PBXBuildFile; fileRef = 37D9C1322AE9596400594C3F /* Assets.xcassets */; };
		37D9C1362AE9596400594C3F /* LaunchScreen.storyboard in Resources */ = {isa = PBXBuildFile; fileRef = 37D9C1342AE9596400594C3F /* LaunchScreen.storyboard */; };
		37D9C1412AE9596500594C3F /* LoteriaCardTests.swift in Sources */ = {isa = PBXBuildFile; fileRef = 37D9C1402AE9596500594C3F /* LoteriaCardTests.swift */; };
		37D9C14B2AE9596500594C3F /* LoteriaCardUITests.swift in Sources */ = {isa = PBXBuildFile; fileRef = 37D9C14A2AE9596500594C3F /* LoteriaCardUITests.swift */; };
		37D9C14D2AE9596500594C3F /* LoteriaCardUITestsLaunchTests.swift in Sources */ = {isa = PBXBuildFile; fileRef = 37D9C14C2AE9596500594C3F /* LoteriaCardUITestsLaunchTests.swift */; };
		37D9C15A2AE959D200594C3F /* CardSelectionVC.swift in Sources */ = {isa = PBXBuildFile; fileRef = 37D9C1592AE959D200594C3F /* CardSelectionVC.swift */; };
		37D9C15C2AE9757D00594C3F /* previousCardsVC.swift in Sources */ = {isa = PBXBuildFile; fileRef = 37D9C15B2AE9757D00594C3F /* previousCardsVC.swift */; };
		37D9C15E2AE97FA100594C3F /* deck.swift in Sources */ = {isa = PBXBuildFile; fileRef = 37D9C15D2AE97FA100594C3F /* deck.swift */; };
/* End PBXBuildFile section */

/* Begin PBXContainerItemProxy section */
		37D9C13D2AE9596500594C3F /* PBXContainerItemProxy */ = {
			isa = PBXContainerItemProxy;
			containerPortal = 37D9C11E2AE9595E00594C3F /* Project object */;
			proxyType = 1;
			remoteGlobalIDString = 37D9C1252AE9595E00594C3F;
			remoteInfo = LoteriaCard;
		};
		37D9C1472AE9596500594C3F /* PBXContainerItemProxy */ = {
			isa = PBXContainerItemProxy;
			containerPortal = 37D9C11E2AE9595E00594C3F /* Project object */;
			proxyType = 1;
			remoteGlobalIDString = 37D9C1252AE9595E00594C3F;
			remoteInfo = LoteriaCard;
		};
/* End PBXContainerItemProxy section */

/* Begin PBXFileReference section */
		373E55D52AECB05C003EB04B /* flipCard.mp3 */ = {isa = PBXFileReference; lastKnownFileType = audio.mp3; path = flipCard.mp3; sourceTree = "<group>"; };
		37BDED682AE9FFD9009B0EEF /* previousCardCollectionCell.swift */ = {isa = PBXFileReference; lastKnownFileType = sourcecode.swift; path = previousCardCollectionCell.swift; sourceTree = "<group>"; };
		37BDED6B2AEAFA9E009B0EEF /* audio.swift */ = {isa = PBXFileReference; lastKnownFileType = sourcecode.swift; path = audio.swift; sourceTree = "<group>"; };
		37BDEDDC2AEB2B79009B0EEF /* elVioloncello.mp3 */ = {isa = PBXFileReference; lastKnownFileType = audio.mp3; path = elVioloncello.mp3; sourceTree = "<group>"; };
		37BDEDDD2AEB2B79009B0EEF /* laPera.mp3 */ = {isa = PBXFileReference; lastKnownFileType = audio.mp3; path = laPera.mp3; sourceTree = "<group>"; };
		37BDEDDE2AEB2B79009B0EEF /* laCalavera.mp3 */ = {isa = PBXFileReference; lastKnownFileType = audio.mp3; path = laCalavera.mp3; sourceTree = "<group>"; };
		37BDEDDF2AEB2B79009B0EEF /* elApache.mp3 */ = {isa = PBXFileReference; lastKnownFileType = audio.mp3; path = elApache.mp3; sourceTree = "<group>"; };
		37BDEDE02AEB2B79009B0EEF /* laCampana.mp3 */ = {isa = PBXFileReference; lastKnownFileType = audio.mp3; path = laCampana.mp3; sourceTree = "<group>"; };
		37BDEDE12AEB2B79009B0EEF /* laArana.mp3 */ = {isa = PBXFileReference; lastKnownFileType = audio.mp3; path = laArana.mp3; sourceTree = "<group>"; };
		37BDEDE22AEB2B79009B0EEF /* laEscalera.mp3 */ = {isa = PBXFileReference; lastKnownFileType = audio.mp3; path = laEscalera.mp3; sourceTree = "<group>"; };
		37BDEDE32AEB2B79009B0EEF /* laBota.mp3 */ = {isa = PBXFileReference; lastKnownFileType = audio.mp3; path = laBota.mp3; sourceTree = "<group>"; };
		37BDEDE42AEB2B79009B0EEF /* elDiablito.mp3 */ = {isa = PBXFileReference; lastKnownFileType = audio.mp3; path = elDiablito.mp3; sourceTree = "<group>"; };
		37BDEDE52AEB2B79009B0EEF /* laBotella.mp3 */ = {isa = PBXFileReference; lastKnownFileType = audio.mp3; path = laBotella.mp3; sourceTree = "<group>"; };
		37BDEDE62AEB2B79009B0EEF /* elTambor.mp3 */ = {isa = PBXFileReference; lastKnownFileType = audio.mp3; path = elTambor.mp3; sourceTree = "<group>"; };
		37BDEDE72AEB2B79009B0EEF /* elPajaro.mp3 */ = {isa = PBXFileReference; lastKnownFileType = audio.mp3; path = elPajaro.mp3; sourceTree = "<group>"; };
		37BDEDE82AEB2B79009B0EEF /* elPino.mp3 */ = {isa = PBXFileReference; lastKnownFileType = audio.mp3; path = elPino.mp3; sourceTree = "<group>"; };
		37BDEDE92AEB2B79009B0EEF /* elPescado.mp3 */ = {isa = PBXFileReference; lastKnownFileType = audio.mp3; path = elPescado.mp3; sourceTree = "<group>"; };
		37BDEDEA2AEB2B79009B0EEF /* elMelon.mp3 */ = {isa = PBXFileReference; lastKnownFileType = audio.mp3; path = elMelon.mp3; sourceTree = "<group>"; };
		37BDEDEB2AEB2B79009B0EEF /* elCantarito.mp3 */ = {isa = PBXFileReference; lastKnownFileType = audio.mp3; path = elCantarito.mp3; sourceTree = "<group>"; };
		37BDEDEC2AEB2B79009B0EEF /* laDama.mp3 */ = {isa = PBXFileReference; lastKnownFileType = audio.mp3; path = laDama.mp3; sourceTree = "<group>"; };
		37BDEDED2AEB2B79009B0EEF /* laSirena.mp3 */ = {isa = PBXFileReference; lastKnownFileType = audio.mp3; path = laSirena.mp3; sourceTree = "<group>"; };
		37BDEDEE2AEB2B79009B0EEF /* elCorazon.mp3 */ = {isa = PBXFileReference; lastKnownFileType = audio.mp3; path = elCorazon.mp3; sourceTree = "<group>"; };
		37BDEDEF2AEB2B79009B0EEF /* elAlacran.mp3 */ = {isa = PBXFileReference; lastKnownFileType = audio.mp3; path = elAlacran.mp3; sourceTree = "<group>"; };
		37BDEDF02AEB2B79009B0EEF /* elBandolon.mp3 */ = {isa = PBXFileReference; lastKnownFileType = audio.mp3; path = elBandolon.mp3; sourceTree = "<group>"; };
		37BDEDF12AEB2B79009B0EEF /* laRana.mp3 */ = {isa = PBXFileReference; lastKnownFileType = audio.mp3; path = laRana.mp3; sourceTree = "<group>"; };
		37BDEDF22AEB2B79009B0EEF /* elValiente.mp3 */ = {isa = PBXFileReference; lastKnownFileType = audio.mp3; path = elValiente.mp3; sourceTree = "<group>"; };
		37BDEDF32AEB2B79009B0EEF /* elBarril.mp3 */ = {isa = PBXFileReference; lastKnownFileType = audio.mp3; path = elBarril.mp3; sourceTree = "<group>"; };
		37BDEDF42AEB2B79009B0EEF /* elCotorro.mp3 */ = {isa = PBXFileReference; lastKnownFileType = audio.mp3; path = elCotorro.mp3; sourceTree = "<group>"; };
		37BDEDF52AEB2B7A009B0EEF /* laSandia.mp3 */ = {isa = PBXFileReference; lastKnownFileType = audio.mp3; path = laSandia.mp3; sourceTree = "<group>"; };
		37BDEDF62AEB2B7A009B0EEF /* elParaguas.mp3 */ = {isa = PBXFileReference; lastKnownFileType = audio.mp3; path = elParaguas.mp3; sourceTree = "<group>"; };
		37BDEDF72AEB2B7A009B0EEF /* elBorracho.mp3 */ = {isa = PBXFileReference; lastKnownFileType = audio.mp3; path = elBorracho.mp3; sourceTree = "<group>"; };
		37BDEDF82AEB2B7A009B0EEF /* elNopal.mp3 */ = {isa = PBXFileReference; lastKnownFileType = audio.mp3; path = elNopal.mp3; sourceTree = "<group>"; };
		37BDEDF92AEB2B7A009B0EEF /* elGallo.mp3 */ = {isa = PBXFileReference; lastKnownFileType = audio.mp3; path = elGallo.mp3; sourceTree = "<group>"; };
		37BDEDFA2AEB2B7A009B0EEF /* elCatrin.mp3 */ = {isa = PBXFileReference; lastKnownFileType = audio.mp3; path = elCatrin.mp3; sourceTree = "<group>"; };
		37BDEDFB2AEB2B7A009B0EEF /* elGorrito.mp3 */ = {isa = PBXFileReference; lastKnownFileType = audio.mp3; path = elGorrito.mp3; sourceTree = "<group>"; };
		37BDEDFC2AEB2B7A009B0EEF /* laMano.mp3 */ = {isa = PBXFileReference; lastKnownFileType = audio.mp3; path = laMano.mp3; sourceTree = "<group>"; };
		37BDEDFD2AEB2B7A009B0EEF /* laLuna.mp3 */ = {isa = PBXFileReference; lastKnownFileType = audio.mp3; path = laLuna.mp3; sourceTree = "<group>"; };
		37BDEDFE2AEB2B7A009B0EEF /* elMusico.mp3 */ = {isa = PBXFileReference; lastKnownFileType = audio.mp3; path = elMusico.mp3; sourceTree = "<group>"; };
		37BDEDFF2AEB2B7A009B0EEF /* elSol.mp3 */ = {isa = PBXFileReference; lastKnownFileType = audio.mp3; path = elSol.mp3; sourceTree = "<group>"; };
		37BDEE002AEB2B7A009B0EEF /* elCazo.mp3 */ = {isa = PBXFileReference; lastKnownFileType = audio.mp3; path = elCazo.mp3; sourceTree = "<group>"; };
		37BDEE012AEB2B7A009B0EEF /* laChalupa.mp3 */ = {isa = PBXFileReference; lastKnownFileType = audio.mp3; path = laChalupa.mp3; sourceTree = "<group>"; };
		37BDEE022AEB2B7A009B0EEF /* elCamaron.mp3 */ = {isa = PBXFileReference; lastKnownFileType = audio.mp3; path = elCamaron.mp3; sourceTree = "<group>"; };
		37BDEE032AEB2B7A009B0EEF /* laEstrella.mp3 */ = {isa = PBXFileReference; lastKnownFileType = audio.mp3; path = laEstrella.mp3; sourceTree = "<group>"; };
		37BDEE042AEB2B7A009B0EEF /* lasJaras.mp3 */ = {isa = PBXFileReference; lastKnownFileType = audio.mp3; path = lasJaras.mp3; sourceTree = "<group>"; };
		37BDEE052AEB2B7A009B0EEF /* elArpa.mp3 */ = {isa = PBXFileReference; lastKnownFileType = audio.mp3; path = elArpa.mp3; sourceTree = "<group>"; };
		37BDEE062AEB2B7A009B0EEF /* elMundo.mp3 */ = {isa = PBXFileReference; lastKnownFileType = audio.mp3; path = elMundo.mp3; sourceTree = "<group>"; };
		37BDEE072AEB2B7A009B0EEF /* laRosa.mp3 */ = {isa = PBXFileReference; lastKnownFileType = audio.mp3; path = laRosa.mp3; sourceTree = "<group>"; };
		37BDEE082AEB2B7A009B0EEF /* laMaceta.mp3 */ = {isa = PBXFileReference; lastKnownFileType = audio.mp3; path = laMaceta.mp3; sourceTree = "<group>"; };
		37BDEE092AEB2B7B009B0EEF /* elNegrito.mp3 */ = {isa = PBXFileReference; lastKnownFileType = audio.mp3; path = elNegrito.mp3; sourceTree = "<group>"; };
		37BDEE0A2AEB2B7B009B0EEF /* laBandera.mp3 */ = {isa = PBXFileReference; lastKnownFileType = audio.mp3; path = laBandera.mp3; sourceTree = "<group>"; };
		37BDEE0B2AEB2B7B009B0EEF /* elVenado.mp3 */ = {isa = PBXFileReference; lastKnownFileType = audio.mp3; path = elVenado.mp3; sourceTree = "<group>"; };
		37BDEE0C2AEB2B7B009B0EEF /* laGarza.mp3 */ = {isa = PBXFileReference; lastKnownFileType = audio.mp3; path = laGarza.mp3; sourceTree = "<group>"; };
		37BDEE0D2AEB2B7B009B0EEF /* laPalma.mp3 */ = {isa = PBXFileReference; lastKnownFileType = audio.mp3; path = laPalma.mp3; sourceTree = "<group>"; };
		37BDEE0E2AEB2B7B009B0EEF /* laMuerte.mp3 */ = {isa = PBXFileReference; lastKnownFileType = audio.mp3; path = laMuerte.mp3; sourceTree = "<group>"; };
		37BDEE0F2AEB2B7B009B0EEF /* laCorona.mp3 */ = {isa = PBXFileReference; lastKnownFileType = audio.mp3; path = laCorona.mp3; sourceTree = "<group>"; };
		37BDEE102AEB2B7B009B0EEF /* elArbol.mp3 */ = {isa = PBXFileReference; lastKnownFileType = audio.mp3; path = elArbol.mp3; sourceTree = "<group>"; };
		37BDEE112AEB2B7B009B0EEF /* elSoldado.mp3 */ = {isa = PBXFileReference; lastKnownFileType = audio.mp3; path = elSoldado.mp3; sourceTree = "<group>"; };
		37D9C1262AE9595E00594C3F /* LoteriaCard.app */ = {isa = PBXFileReference; explicitFileType = wrapper.application; includeInIndex = 0; path = LoteriaCard.app; sourceTree = BUILT_PRODUCTS_DIR; };
		37D9C1292AE9595E00594C3F /* AppDelegate.swift */ = {isa = PBXFileReference; lastKnownFileType = sourcecode.swift; path = AppDelegate.swift; sourceTree = "<group>"; };
		37D9C12B2AE9595E00594C3F /* SceneDelegate.swift */ = {isa = PBXFileReference; lastKnownFileType = sourcecode.swift; path = SceneDelegate.swift; sourceTree = "<group>"; };
		37D9C1302AE9595E00594C3F /* Base */ = {isa = PBXFileReference; lastKnownFileType = file.storyboard; name = Base; path = Base.lproj/Main.storyboard; sourceTree = "<group>"; };
		37D9C1322AE9596400594C3F /* Assets.xcassets */ = {isa = PBXFileReference; lastKnownFileType = folder.assetcatalog; path = Assets.xcassets; sourceTree = "<group>"; };
		37D9C1352AE9596400594C3F /* Base */ = {isa = PBXFileReference; lastKnownFileType = file.storyboard; name = Base; path = Base.lproj/LaunchScreen.storyboard; sourceTree = "<group>"; };
		37D9C1372AE9596400594C3F /* Info.plist */ = {isa = PBXFileReference; lastKnownFileType = text.plist.xml; path = Info.plist; sourceTree = "<group>"; };
		37D9C13C2AE9596500594C3F /* LoteriaCardTests.xctest */ = {isa = PBXFileReference; explicitFileType = wrapper.cfbundle; includeInIndex = 0; path = LoteriaCardTests.xctest; sourceTree = BUILT_PRODUCTS_DIR; };
		37D9C1402AE9596500594C3F /* LoteriaCardTests.swift */ = {isa = PBXFileReference; lastKnownFileType = sourcecode.swift; path = LoteriaCardTests.swift; sourceTree = "<group>"; };
		37D9C1462AE9596500594C3F /* LoteriaCardUITests.xctest */ = {isa = PBXFileReference; explicitFileType = wrapper.cfbundle; includeInIndex = 0; path = LoteriaCardUITests.xctest; sourceTree = BUILT_PRODUCTS_DIR; };
		37D9C14A2AE9596500594C3F /* LoteriaCardUITests.swift */ = {isa = PBXFileReference; lastKnownFileType = sourcecode.swift; path = LoteriaCardUITests.swift; sourceTree = "<group>"; };
		37D9C14C2AE9596500594C3F /* LoteriaCardUITestsLaunchTests.swift */ = {isa = PBXFileReference; lastKnownFileType = sourcecode.swift; path = LoteriaCardUITestsLaunchTests.swift; sourceTree = "<group>"; };
		37D9C1592AE959D200594C3F /* CardSelectionVC.swift */ = {isa = PBXFileReference; lastKnownFileType = sourcecode.swift; path = CardSelectionVC.swift; sourceTree = "<group>"; };
		37D9C15B2AE9757D00594C3F /* previousCardsVC.swift */ = {isa = PBXFileReference; lastKnownFileType = sourcecode.swift; path = previousCardsVC.swift; sourceTree = "<group>"; };
		37D9C15D2AE97FA100594C3F /* deck.swift */ = {isa = PBXFileReference; lastKnownFileType = sourcecode.swift; path = deck.swift; sourceTree = "<group>"; };
/* End PBXFileReference section */

/* Begin PBXFrameworksBuildPhase section */
		37D9C1232AE9595E00594C3F /* Frameworks */ = {
			isa = PBXFrameworksBuildPhase;
			buildActionMask = 2147483647;
			files = (
			);
			runOnlyForDeploymentPostprocessing = 0;
		};
		37D9C1392AE9596500594C3F /* Frameworks */ = {
			isa = PBXFrameworksBuildPhase;
			buildActionMask = 2147483647;
			files = (
			);
			runOnlyForDeploymentPostprocessing = 0;
		};
		37D9C1432AE9596500594C3F /* Frameworks */ = {
			isa = PBXFrameworksBuildPhase;
			buildActionMask = 2147483647;
			files = (
			);
			runOnlyForDeploymentPostprocessing = 0;
		};
/* End PBXFrameworksBuildPhase section */

/* Begin PBXGroup section */
		37BDEDDB2AEB2B5D009B0EEF /* audioFiles */ = {
			isa = PBXGroup;
			children = (
				37BDEDEF2AEB2B79009B0EEF /* elAlacran.mp3 */,
				37BDEDDF2AEB2B79009B0EEF /* elApache.mp3 */,
				373E55D52AECB05C003EB04B /* flipCard.mp3 */,
				37BDEE102AEB2B7B009B0EEF /* elArbol.mp3 */,
				37BDEE052AEB2B7A009B0EEF /* elArpa.mp3 */,
				37BDEDF02AEB2B79009B0EEF /* elBandolon.mp3 */,
				37BDEDF32AEB2B79009B0EEF /* elBarril.mp3 */,
				37BDEDF72AEB2B7A009B0EEF /* elBorracho.mp3 */,
				37BDEE022AEB2B7A009B0EEF /* elCamaron.mp3 */,
				37BDEDEB2AEB2B79009B0EEF /* elCantarito.mp3 */,
				37BDEDFA2AEB2B7A009B0EEF /* elCatrin.mp3 */,
				37BDEE002AEB2B7A009B0EEF /* elCazo.mp3 */,
				37BDEDEE2AEB2B79009B0EEF /* elCorazon.mp3 */,
				37BDEDF42AEB2B79009B0EEF /* elCotorro.mp3 */,
				37BDEDE42AEB2B79009B0EEF /* elDiablito.mp3 */,
				37BDEDF92AEB2B7A009B0EEF /* elGallo.mp3 */,
				37BDEDFB2AEB2B7A009B0EEF /* elGorrito.mp3 */,
				37BDEDEA2AEB2B79009B0EEF /* elMelon.mp3 */,
				37BDEE062AEB2B7A009B0EEF /* elMundo.mp3 */,
				37BDEDFE2AEB2B7A009B0EEF /* elMusico.mp3 */,
				37BDEE092AEB2B7B009B0EEF /* elNegrito.mp3 */,
				37BDEDF82AEB2B7A009B0EEF /* elNopal.mp3 */,
				37BDEDE72AEB2B79009B0EEF /* elPajaro.mp3 */,
				37BDEDF62AEB2B7A009B0EEF /* elParaguas.mp3 */,
				37BDEDE92AEB2B79009B0EEF /* elPescado.mp3 */,
				37BDEDE82AEB2B79009B0EEF /* elPino.mp3 */,
				37BDEDFF2AEB2B7A009B0EEF /* elSol.mp3 */,
				37BDEE112AEB2B7B009B0EEF /* elSoldado.mp3 */,
				37BDEDE62AEB2B79009B0EEF /* elTambor.mp3 */,
				37BDEDF22AEB2B79009B0EEF /* elValiente.mp3 */,
				37BDEE0B2AEB2B7B009B0EEF /* elVenado.mp3 */,
				37BDEDDC2AEB2B79009B0EEF /* elVioloncello.mp3 */,
				37BDEDE12AEB2B79009B0EEF /* laArana.mp3 */,
				37BDEE0A2AEB2B7B009B0EEF /* laBandera.mp3 */,
				37BDEDE32AEB2B79009B0EEF /* laBota.mp3 */,
				37BDEDE52AEB2B79009B0EEF /* laBotella.mp3 */,
				37BDEDDE2AEB2B79009B0EEF /* laCalavera.mp3 */,
				37BDEDE02AEB2B79009B0EEF /* laCampana.mp3 */,
				37BDEE012AEB2B7A009B0EEF /* laChalupa.mp3 */,
				37BDEE0F2AEB2B7B009B0EEF /* laCorona.mp3 */,
				37BDEDEC2AEB2B79009B0EEF /* laDama.mp3 */,
				37BDEDE22AEB2B79009B0EEF /* laEscalera.mp3 */,
				37BDEE032AEB2B7A009B0EEF /* laEstrella.mp3 */,
				37BDEE0C2AEB2B7B009B0EEF /* laGarza.mp3 */,
				37BDEDFD2AEB2B7A009B0EEF /* laLuna.mp3 */,
				37BDEE082AEB2B7A009B0EEF /* laMaceta.mp3 */,
				37BDEDFC2AEB2B7A009B0EEF /* laMano.mp3 */,
				37BDEE0E2AEB2B7B009B0EEF /* laMuerte.mp3 */,
				37BDEE0D2AEB2B7B009B0EEF /* laPalma.mp3 */,
				37BDEDDD2AEB2B79009B0EEF /* laPera.mp3 */,
				37BDEDF12AEB2B79009B0EEF /* laRana.mp3 */,
				37BDEE072AEB2B7A009B0EEF /* laRosa.mp3 */,
				37BDEDF52AEB2B7A009B0EEF /* laSandia.mp3 */,
				37BDEDED2AEB2B79009B0EEF /* laSirena.mp3 */,
				37BDEE042AEB2B7A009B0EEF /* lasJaras.mp3 */,
			);
			path = audioFiles;
			sourceTree = "<group>";
		};
		37D9C11D2AE9595E00594C3F = {
			isa = PBXGroup;
			children = (
				37D9C1282AE9595E00594C3F /* LoteriaCard */,
				37D9C13F2AE9596500594C3F /* LoteriaCardTests */,
				37D9C1492AE9596500594C3F /* LoteriaCardUITests */,
				37D9C1272AE9595E00594C3F /* Products */,
			);
			sourceTree = "<group>";
		};
		37D9C1272AE9595E00594C3F /* Products */ = {
			isa = PBXGroup;
			children = (
				37D9C1262AE9595E00594C3F /* LoteriaCard.app */,
				37D9C13C2AE9596500594C3F /* LoteriaCardTests.xctest */,
				37D9C1462AE9596500594C3F /* LoteriaCardUITests.xctest */,
			);
			name = Products;
			sourceTree = "<group>";
		};
		37D9C1282AE9595E00594C3F /* LoteriaCard */ = {
			isa = PBXGroup;
			children = (
				37BDEDDB2AEB2B5D009B0EEF /* audioFiles */,
				37D9C1292AE9595E00594C3F /* AppDelegate.swift */,
				37D9C12B2AE9595E00594C3F /* SceneDelegate.swift */,
				37D9C1592AE959D200594C3F /* CardSelectionVC.swift */,
				37BDED682AE9FFD9009B0EEF /* previousCardCollectionCell.swift */,
				37D9C15B2AE9757D00594C3F /* previousCardsVC.swift */,
				37D9C15D2AE97FA100594C3F /* deck.swift */,
				37BDED6B2AEAFA9E009B0EEF /* audio.swift */,
				37D9C12F2AE9595E00594C3F /* Main.storyboard */,
				37D9C1322AE9596400594C3F /* Assets.xcassets */,
				37D9C1342AE9596400594C3F /* LaunchScreen.storyboard */,
				37D9C1372AE9596400594C3F /* Info.plist */,
			);
			path = LoteriaCard;
			sourceTree = "<group>";
		};
		37D9C13F2AE9596500594C3F /* LoteriaCardTests */ = {
			isa = PBXGroup;
			children = (
				37D9C1402AE9596500594C3F /* LoteriaCardTests.swift */,
			);
			path = LoteriaCardTests;
			sourceTree = "<group>";
		};
		37D9C1492AE9596500594C3F /* LoteriaCardUITests */ = {
			isa = PBXGroup;
			children = (
				37D9C14A2AE9596500594C3F /* LoteriaCardUITests.swift */,
				37D9C14C2AE9596500594C3F /* LoteriaCardUITestsLaunchTests.swift */,
			);
			path = LoteriaCardUITests;
			sourceTree = "<group>";
		};
/* End PBXGroup section */

/* Begin PBXNativeTarget section */
		37D9C1252AE9595E00594C3F /* LoteriaCard */ = {
			isa = PBXNativeTarget;
			buildConfigurationList = 37D9C1502AE9596500594C3F /* Build configuration list for PBXNativeTarget "LoteriaCard" */;
			buildPhases = (
				37D9C1222AE9595E00594C3F /* Sources */,
				37D9C1232AE9595E00594C3F /* Frameworks */,
				37D9C1242AE9595E00594C3F /* Resources */,
			);
			buildRules = (
			);
			dependencies = (
			);
			name = LoteriaCard;
			productName = LoteriaCard;
			productReference = 37D9C1262AE9595E00594C3F /* LoteriaCard.app */;
			productType = "com.apple.product-type.application";
		};
		37D9C13B2AE9596500594C3F /* LoteriaCardTests */ = {
			isa = PBXNativeTarget;
			buildConfigurationList = 37D9C1532AE9596500594C3F /* Build configuration list for PBXNativeTarget "LoteriaCardTests" */;
			buildPhases = (
				37D9C1382AE9596500594C3F /* Sources */,
				37D9C1392AE9596500594C3F /* Frameworks */,
				37D9C13A2AE9596500594C3F /* Resources */,
			);
			buildRules = (
			);
			dependencies = (
				37D9C13E2AE9596500594C3F /* PBXTargetDependency */,
			);
			name = LoteriaCardTests;
			productName = LoteriaCardTests;
			productReference = 37D9C13C2AE9596500594C3F /* LoteriaCardTests.xctest */;
			productType = "com.apple.product-type.bundle.unit-test";
		};
		37D9C1452AE9596500594C3F /* LoteriaCardUITests */ = {
			isa = PBXNativeTarget;
			buildConfigurationList = 37D9C1562AE9596500594C3F /* Build configuration list for PBXNativeTarget "LoteriaCardUITests" */;
			buildPhases = (
				37D9C1422AE9596500594C3F /* Sources */,
				37D9C1432AE9596500594C3F /* Frameworks */,
				37D9C1442AE9596500594C3F /* Resources */,
			);
			buildRules = (
			);
			dependencies = (
				37D9C1482AE9596500594C3F /* PBXTargetDependency */,
			);
			name = LoteriaCardUITests;
			productName = LoteriaCardUITests;
			productReference = 37D9C1462AE9596500594C3F /* LoteriaCardUITests.xctest */;
			productType = "com.apple.product-type.bundle.ui-testing";
		};
/* End PBXNativeTarget section */

/* Begin PBXProject section */
		37D9C11E2AE9595E00594C3F /* Project object */ = {
			isa = PBXProject;
			attributes = {
				BuildIndependentTargetsInParallel = 1;
				LastSwiftUpdateCheck = 1500;
				LastUpgradeCheck = 1500;
				TargetAttributes = {
					37D9C1252AE9595E00594C3F = {
						CreatedOnToolsVersion = 15.0.1;
					};
					37D9C13B2AE9596500594C3F = {
						CreatedOnToolsVersion = 15.0.1;
						TestTargetID = 37D9C1252AE9595E00594C3F;
					};
					37D9C1452AE9596500594C3F = {
						CreatedOnToolsVersion = 15.0.1;
						TestTargetID = 37D9C1252AE9595E00594C3F;
					};
				};
			};
			buildConfigurationList = 37D9C1212AE9595E00594C3F /* Build configuration list for PBXProject "LoteriaCard" */;
			compatibilityVersion = "Xcode 14.0";
			developmentRegion = en;
			hasScannedForEncodings = 0;
			knownRegions = (
				en,
				Base,
			);
			mainGroup = 37D9C11D2AE9595E00594C3F;
			productRefGroup = 37D9C1272AE9595E00594C3F /* Products */;
			projectDirPath = "";
			projectRoot = "";
			targets = (
				37D9C1252AE9595E00594C3F /* LoteriaCard */,
				37D9C13B2AE9596500594C3F /* LoteriaCardTests */,
				37D9C1452AE9596500594C3F /* LoteriaCardUITests */,
			);
		};
/* End PBXProject section */

/* Begin PBXResourcesBuildPhase section */
		37D9C1242AE9595E00594C3F /* Resources */ = {
			isa = PBXResourcesBuildPhase;
			buildActionMask = 2147483647;
			files = (
				37BDEE1C2AEB2B7B009B0EEF /* elTambor.mp3 in Resources */,
				37BDEE192AEB2B7B009B0EEF /* laBota.mp3 in Resources */,
				37D9C1362AE9596400594C3F /* LaunchScreen.storyboard in Resources */,
				37BDEE272AEB2B7B009B0EEF /* laRana.mp3 in Resources */,
				37BDEE172AEB2B7B009B0EEF /* laArana.mp3 in Resources */,
				37BDEE222AEB2B7B009B0EEF /* laDama.mp3 in Resources */,
				37BDEE362AEB2B7B009B0EEF /* elCazo.mp3 in Resources */,
				37BDEE3D2AEB2B7B009B0EEF /* laRosa.mp3 in Resources */,
				37BDEE162AEB2B7B009B0EEF /* laCampana.mp3 in Resources */,
				37BDEE372AEB2B7B009B0EEF /* laChalupa.mp3 in Resources */,
				37BDEE342AEB2B7B009B0EEF /* elMusico.mp3 in Resources */,
				37BDEE182AEB2B7B009B0EEF /* laEscalera.mp3 in Resources */,
				37BDEE1B2AEB2B7B009B0EEF /* laBotella.mp3 in Resources */,
				37BDEE472AEB2B7B009B0EEF /* elSoldado.mp3 in Resources */,
				37BDEE442AEB2B7B009B0EEF /* laMuerte.mp3 in Resources */,
				37BDEE242AEB2B7B009B0EEF /* elCorazon.mp3 in Resources */,
				37BDEE1D2AEB2B7B009B0EEF /* elPajaro.mp3 in Resources */,
				373E55D62AECB05C003EB04B /* flipCard.mp3 in Resources */,
				37BDEE2B2AEB2B7B009B0EEF /* laSandia.mp3 in Resources */,
				37BDEE322AEB2B7B009B0EEF /* laMano.mp3 in Resources */,
				37BDEE1A2AEB2B7B009B0EEF /* elDiablito.mp3 in Resources */,
				37BDEE252AEB2B7B009B0EEF /* elAlacran.mp3 in Resources */,
				37BDEE262AEB2B7B009B0EEF /* elBandolon.mp3 in Resources */,
				37BDEE3C2AEB2B7B009B0EEF /* elMundo.mp3 in Resources */,
				37BDEE452AEB2B7B009B0EEF /* laCorona.mp3 in Resources */,
				37BDEE352AEB2B7B009B0EEF /* elSol.mp3 in Resources */,
				37D9C1332AE9596400594C3F /* Assets.xcassets in Resources */,
				37BDEE3B2AEB2B7B009B0EEF /* elArpa.mp3 in Resources */,
				37BDEE282AEB2B7B009B0EEF /* elValiente.mp3 in Resources */,
				37BDEE122AEB2B7B009B0EEF /* elVioloncello.mp3 in Resources */,
				37BDEE392AEB2B7B009B0EEF /* laEstrella.mp3 in Resources */,
				37BDEE402AEB2B7B009B0EEF /* laBandera.mp3 in Resources */,
				37BDEE292AEB2B7B009B0EEF /* elBarril.mp3 in Resources */,
				37BDEE2C2AEB2B7B009B0EEF /* elParaguas.mp3 in Resources */,
				37BDEE432AEB2B7B009B0EEF /* laPalma.mp3 in Resources */,
				37BDEE2F2AEB2B7B009B0EEF /* elGallo.mp3 in Resources */,
				37BDEE2E2AEB2B7B009B0EEF /* elNopal.mp3 in Resources */,
				37BDEE212AEB2B7B009B0EEF /* elCantarito.mp3 in Resources */,
				37BDEE152AEB2B7B009B0EEF /* elApache.mp3 in Resources */,
				37BDEE332AEB2B7B009B0EEF /* laLuna.mp3 in Resources */,
				37BDEE422AEB2B7B009B0EEF /* laGarza.mp3 in Resources */,
				37BDEE3E2AEB2B7B009B0EEF /* laMaceta.mp3 in Resources */,
				37BDEE302AEB2B7B009B0EEF /* elCatrin.mp3 in Resources */,
				37BDEE382AEB2B7B009B0EEF /* elCamaron.mp3 in Resources */,
				37BDEE462AEB2B7B009B0EEF /* elArbol.mp3 in Resources */,
				37BDEE312AEB2B7B009B0EEF /* elGorrito.mp3 in Resources */,
				37BDEE1F2AEB2B7B009B0EEF /* elPescado.mp3 in Resources */,
				37BDEE3A2AEB2B7B009B0EEF /* lasJaras.mp3 in Resources */,
				37BDEE2D2AEB2B7B009B0EEF /* elBorracho.mp3 in Resources */,
				37BDEE202AEB2B7B009B0EEF /* elMelon.mp3 in Resources */,
				37BDEE132AEB2B7B009B0EEF /* laPera.mp3 in Resources */,
				37BDEE412AEB2B7B009B0EEF /* elVenado.mp3 in Resources */,
				37BDEE3F2AEB2B7B009B0EEF /* elNegrito.mp3 in Resources */,
				37BDEE142AEB2B7B009B0EEF /* laCalavera.mp3 in Resources */,
				37BDEE2A2AEB2B7B009B0EEF /* elCotorro.mp3 in Resources */,
				37BDEE232AEB2B7B009B0EEF /* laSirena.mp3 in Resources */,
				37D9C1312AE9595E00594C3F /* Main.storyboard in Resources */,
				37BDEE1E2AEB2B7B009B0EEF /* elPino.mp3 in Resources */,
			);
			runOnlyForDeploymentPostprocessing = 0;
		};
		37D9C13A2AE9596500594C3F /* Resources */ = {
			isa = PBXResourcesBuildPhase;
			buildActionMask = 2147483647;
			files = (
			);
			runOnlyForDeploymentPostprocessing = 0;
		};
		37D9C1442AE9596500594C3F /* Resources */ = {
			isa = PBXResourcesBuildPhase;
			buildActionMask = 2147483647;
			files = (
			);
			runOnlyForDeploymentPostprocessing = 0;
		};
/* End PBXResourcesBuildPhase section */

/* Begin PBXSourcesBuildPhase section */
		37D9C1222AE9595E00594C3F /* Sources */ = {
			isa = PBXSourcesBuildPhase;
			buildActionMask = 2147483647;
			files = (
				37BDED692AE9FFD9009B0EEF /* previousCardCollectionCell.swift in Sources */,
				37D9C12A2AE9595E00594C3F /* AppDelegate.swift in Sources */,
				37D9C12C2AE9595E00594C3F /* SceneDelegate.swift in Sources */,
				37D9C15A2AE959D200594C3F /* CardSelectionVC.swift in Sources */,
				37BDED6C2AEAFA9E009B0EEF /* audio.swift in Sources */,
				37D9C15E2AE97FA100594C3F /* deck.swift in Sources */,
				37D9C15C2AE9757D00594C3F /* previousCardsVC.swift in Sources */,
			);
			runOnlyForDeploymentPostprocessing = 0;
		};
		37D9C1382AE9596500594C3F /* Sources */ = {
			isa = PBXSourcesBuildPhase;
			buildActionMask = 2147483647;
			files = (
				37D9C1412AE9596500594C3F /* LoteriaCardTests.swift in Sources */,
			);
			runOnlyForDeploymentPostprocessing = 0;
		};
		37D9C1422AE9596500594C3F /* Sources */ = {
			isa = PBXSourcesBuildPhase;
			buildActionMask = 2147483647;
			files = (
				37D9C14B2AE9596500594C3F /* LoteriaCardUITests.swift in Sources */,
				37D9C14D2AE9596500594C3F /* LoteriaCardUITestsLaunchTests.swift in Sources */,
			);
			runOnlyForDeploymentPostprocessing = 0;
		};
/* End PBXSourcesBuildPhase section */

/* Begin PBXTargetDependency section */
		37D9C13E2AE9596500594C3F /* PBXTargetDependency */ = {
			isa = PBXTargetDependency;
			target = 37D9C1252AE9595E00594C3F /* LoteriaCard */;
			targetProxy = 37D9C13D2AE9596500594C3F /* PBXContainerItemProxy */;
		};
		37D9C1482AE9596500594C3F /* PBXTargetDependency */ = {
			isa = PBXTargetDependency;
			target = 37D9C1252AE9595E00594C3F /* LoteriaCard */;
			targetProxy = 37D9C1472AE9596500594C3F /* PBXContainerItemProxy */;
		};
/* End PBXTargetDependency section */

/* Begin PBXVariantGroup section */
		37D9C12F2AE9595E00594C3F /* Main.storyboard */ = {
			isa = PBXVariantGroup;
			children = (
				37D9C1302AE9595E00594C3F /* Base */,
			);
			name = Main.storyboard;
			sourceTree = "<group>";
		};
		37D9C1342AE9596400594C3F /* LaunchScreen.storyboard */ = {
			isa = PBXVariantGroup;
			children = (
				37D9C1352AE9596400594C3F /* Base */,
			);
			name = LaunchScreen.storyboard;
			sourceTree = "<group>";
		};
/* End PBXVariantGroup section */

/* Begin XCBuildConfiguration section */
		37D9C14E2AE9596500594C3F /* Debug */ = {
			isa = XCBuildConfiguration;
			buildSettings = {
				ALWAYS_SEARCH_USER_PATHS = NO;
				ASSETCATALOG_COMPILER_GENERATE_SWIFT_ASSET_SYMBOL_EXTENSIONS = YES;
				CLANG_ANALYZER_NONNULL = YES;
				CLANG_ANALYZER_NUMBER_OBJECT_CONVERSION = YES_AGGRESSIVE;
				CLANG_CXX_LANGUAGE_STANDARD = "gnu++20";
				CLANG_ENABLE_MODULES = YES;
				CLANG_ENABLE_OBJC_ARC = YES;
				CLANG_ENABLE_OBJC_WEAK = YES;
				CLANG_WARN_BLOCK_CAPTURE_AUTORELEASING = YES;
				CLANG_WARN_BOOL_CONVERSION = YES;
				CLANG_WARN_COMMA = YES;
				CLANG_WARN_CONSTANT_CONVERSION = YES;
				CLANG_WARN_DEPRECATED_OBJC_IMPLEMENTATIONS = YES;
				CLANG_WARN_DIRECT_OBJC_ISA_USAGE = YES_ERROR;
				CLANG_WARN_DOCUMENTATION_COMMENTS = YES;
				CLANG_WARN_EMPTY_BODY = YES;
				CLANG_WARN_ENUM_CONVERSION = YES;
				CLANG_WARN_INFINITE_RECURSION = YES;
				CLANG_WARN_INT_CONVERSION = YES;
				CLANG_WARN_NON_LITERAL_NULL_CONVERSION = YES;
				CLANG_WARN_OBJC_IMPLICIT_RETAIN_SELF = YES;
				CLANG_WARN_OBJC_LITERAL_CONVERSION = YES;
				CLANG_WARN_OBJC_ROOT_CLASS = YES_ERROR;
				CLANG_WARN_QUOTED_INCLUDE_IN_FRAMEWORK_HEADER = YES;
				CLANG_WARN_RANGE_LOOP_ANALYSIS = YES;
				CLANG_WARN_STRICT_PROTOTYPES = YES;
				CLANG_WARN_SUSPICIOUS_MOVE = YES;
				CLANG_WARN_UNGUARDED_AVAILABILITY = YES_AGGRESSIVE;
				CLANG_WARN_UNREACHABLE_CODE = YES;
				CLANG_WARN__DUPLICATE_METHOD_MATCH = YES;
				COPY_PHASE_STRIP = NO;
				DEBUG_INFORMATION_FORMAT = dwarf;
				ENABLE_STRICT_OBJC_MSGSEND = YES;
				ENABLE_TESTABILITY = YES;
				ENABLE_USER_SCRIPT_SANDBOXING = YES;
				GCC_C_LANGUAGE_STANDARD = gnu17;
				GCC_DYNAMIC_NO_PIC = NO;
				GCC_NO_COMMON_BLOCKS = YES;
				GCC_OPTIMIZATION_LEVEL = 0;
				GCC_PREPROCESSOR_DEFINITIONS = (
					"DEBUG=1",
					"$(inherited)",
				);
				GCC_WARN_64_TO_32_BIT_CONVERSION = YES;
				GCC_WARN_ABOUT_RETURN_TYPE = YES_ERROR;
				GCC_WARN_UNDECLARED_SELECTOR = YES;
				GCC_WARN_UNINITIALIZED_AUTOS = YES_AGGRESSIVE;
				GCC_WARN_UNUSED_FUNCTION = YES;
				GCC_WARN_UNUSED_VARIABLE = YES;
				IPHONEOS_DEPLOYMENT_TARGET = 17.0;
				LOCALIZATION_PREFERS_STRING_CATALOGS = YES;
				MTL_ENABLE_DEBUG_INFO = INCLUDE_SOURCE;
				MTL_FAST_MATH = YES;
				ONLY_ACTIVE_ARCH = YES;
				SDKROOT = iphoneos;
				SWIFT_ACTIVE_COMPILATION_CONDITIONS = "DEBUG $(inherited)";
				SWIFT_OPTIMIZATION_LEVEL = "-Onone";
			};
			name = Debug;
		};
		37D9C14F2AE9596500594C3F /* Release */ = {
			isa = XCBuildConfiguration;
			buildSettings = {
				ALWAYS_SEARCH_USER_PATHS = NO;
				ASSETCATALOG_COMPILER_GENERATE_SWIFT_ASSET_SYMBOL_EXTENSIONS = YES;
				CLANG_ANALYZER_NONNULL = YES;
				CLANG_ANALYZER_NUMBER_OBJECT_CONVERSION = YES_AGGRESSIVE;
				CLANG_CXX_LANGUAGE_STANDARD = "gnu++20";
				CLANG_ENABLE_MODULES = YES;
				CLANG_ENABLE_OBJC_ARC = YES;
				CLANG_ENABLE_OBJC_WEAK = YES;
				CLANG_WARN_BLOCK_CAPTURE_AUTORELEASING = YES;
				CLANG_WARN_BOOL_CONVERSION = YES;
				CLANG_WARN_COMMA = YES;
				CLANG_WARN_CONSTANT_CONVERSION = YES;
				CLANG_WARN_DEPRECATED_OBJC_IMPLEMENTATIONS = YES;
				CLANG_WARN_DIRECT_OBJC_ISA_USAGE = YES_ERROR;
				CLANG_WARN_DOCUMENTATION_COMMENTS = YES;
				CLANG_WARN_EMPTY_BODY = YES;
				CLANG_WARN_ENUM_CONVERSION = YES;
				CLANG_WARN_INFINITE_RECURSION = YES;
				CLANG_WARN_INT_CONVERSION = YES;
				CLANG_WARN_NON_LITERAL_NULL_CONVERSION = YES;
				CLANG_WARN_OBJC_IMPLICIT_RETAIN_SELF = YES;
				CLANG_WARN_OBJC_LITERAL_CONVERSION = YES;
				CLANG_WARN_OBJC_ROOT_CLASS = YES_ERROR;
				CLANG_WARN_QUOTED_INCLUDE_IN_FRAMEWORK_HEADER = YES;
				CLANG_WARN_RANGE_LOOP_ANALYSIS = YES;
				CLANG_WARN_STRICT_PROTOTYPES = YES;
				CLANG_WARN_SUSPICIOUS_MOVE = YES;
				CLANG_WARN_UNGUARDED_AVAILABILITY = YES_AGGRESSIVE;
				CLANG_WARN_UNREACHABLE_CODE = YES;
				CLANG_WARN__DUPLICATE_METHOD_MATCH = YES;
				COPY_PHASE_STRIP = NO;
				DEBUG_INFORMATION_FORMAT = "dwarf-with-dsym";
				ENABLE_NS_ASSERTIONS = NO;
				ENABLE_STRICT_OBJC_MSGSEND = YES;
				ENABLE_USER_SCRIPT_SANDBOXING = YES;
				GCC_C_LANGUAGE_STANDARD = gnu17;
				GCC_NO_COMMON_BLOCKS = YES;
				GCC_WARN_64_TO_32_BIT_CONVERSION = YES;
				GCC_WARN_ABOUT_RETURN_TYPE = YES_ERROR;
				GCC_WARN_UNDECLARED_SELECTOR = YES;
				GCC_WARN_UNINITIALIZED_AUTOS = YES_AGGRESSIVE;
				GCC_WARN_UNUSED_FUNCTION = YES;
				GCC_WARN_UNUSED_VARIABLE = YES;
				IPHONEOS_DEPLOYMENT_TARGET = 17.0;
				LOCALIZATION_PREFERS_STRING_CATALOGS = YES;
				MTL_ENABLE_DEBUG_INFO = NO;
				MTL_FAST_MATH = YES;
				SDKROOT = iphoneos;
				SWIFT_COMPILATION_MODE = wholemodule;
				VALIDATE_PRODUCT = YES;
			};
			name = Release;
		};
		37D9C1512AE9596500594C3F /* Debug */ = {
			isa = XCBuildConfiguration;
			buildSettings = {
				ASSETCATALOG_COMPILER_APPICON_NAME = AppIcon;
				ASSETCATALOG_COMPILER_GLOBAL_ACCENT_COLOR_NAME = AccentColor;
				CODE_SIGN_STYLE = Automatic;
				CURRENT_PROJECT_VERSION = 1;
				DEVELOPMENT_TEAM = 87CQWGCKW5;
				GENERATE_INFOPLIST_FILE = YES;
				INFOPLIST_FILE = LoteriaCard/Info.plist;
				INFOPLIST_KEY_UIApplicationSupportsIndirectInputEvents = YES;
				INFOPLIST_KEY_UILaunchStoryboardName = LaunchScreen;
				INFOPLIST_KEY_UIMainStoryboardFile = Main;
				INFOPLIST_KEY_UISupportedInterfaceOrientations_iPad = "UIInterfaceOrientationPortrait UIInterfaceOrientationPortraitUpsideDown UIInterfaceOrientationLandscapeLeft UIInterfaceOrientationLandscapeRight";
				INFOPLIST_KEY_UISupportedInterfaceOrientations_iPhone = "UIInterfaceOrientationPortrait UIInterfaceOrientationLandscapeLeft UIInterfaceOrientationLandscapeRight";
				LD_RUNPATH_SEARCH_PATHS = (
					"$(inherited)",
					"@executable_path/Frameworks",
				);
				MARKETING_VERSION = 1.0;
				PRODUCT_BUNDLE_IDENTIFIER = "VillanuevaJD-Inc.LoteriaCard";
				PRODUCT_NAME = "$(TARGET_NAME)";
				SWIFT_EMIT_LOC_STRINGS = YES;
				SWIFT_VERSION = 5.0;
				TARGETED_DEVICE_FAMILY = "1,2";
			};
			name = Debug;
		};
		37D9C1522AE9596500594C3F /* Release */ = {
			isa = XCBuildConfiguration;
			buildSettings = {
				ASSETCATALOG_COMPILER_APPICON_NAME = AppIcon;
				ASSETCATALOG_COMPILER_GLOBAL_ACCENT_COLOR_NAME = AccentColor;
				CODE_SIGN_STYLE = Automatic;
				CURRENT_PROJECT_VERSION = 1;
				DEVELOPMENT_TEAM = 87CQWGCKW5;
				GENERATE_INFOPLIST_FILE = YES;
				INFOPLIST_FILE = LoteriaCard/Info.plist;
				INFOPLIST_KEY_UIApplicationSupportsIndirectInputEvents = YES;
				INFOPLIST_KEY_UILaunchStoryboardName = LaunchScreen;
				INFOPLIST_KEY_UIMainStoryboardFile = Main;
				INFOPLIST_KEY_UISupportedInterfaceOrientations_iPad = "UIInterfaceOrientationPortrait UIInterfaceOrientationPortraitUpsideDown UIInterfaceOrientationLandscapeLeft UIInterfaceOrientationLandscapeRight";
				INFOPLIST_KEY_UISupportedInterfaceOrientations_iPhone = "UIInterfaceOrientationPortrait UIInterfaceOrientationLandscapeLeft UIInterfaceOrientationLandscapeRight";
				LD_RUNPATH_SEARCH_PATHS = (
					"$(inherited)",
					"@executable_path/Frameworks",
				);
				MARKETING_VERSION = 1.0;
				PRODUCT_BUNDLE_IDENTIFIER = "VillanuevaJD-Inc.LoteriaCard";
				PRODUCT_NAME = "$(TARGET_NAME)";
				SWIFT_EMIT_LOC_STRINGS = YES;
				SWIFT_VERSION = 5.0;
				TARGETED_DEVICE_FAMILY = "1,2";
			};
			name = Release;
		};
		37D9C1542AE9596500594C3F /* Debug */ = {
			isa = XCBuildConfiguration;
			buildSettings = {
				ALWAYS_EMBED_SWIFT_STANDARD_LIBRARIES = YES;
				BUNDLE_LOADER = "$(TEST_HOST)";
				CODE_SIGN_STYLE = Automatic;
				CURRENT_PROJECT_VERSION = 1;
				DEVELOPMENT_TEAM = 87CQWGCKW5;
				GENERATE_INFOPLIST_FILE = YES;
				IPHONEOS_DEPLOYMENT_TARGET = 17.0;
				MARKETING_VERSION = 1.0;
				PRODUCT_BUNDLE_IDENTIFIER = "VillanuevaJD-Inc.LoteriaCardTests";
				PRODUCT_NAME = "$(TARGET_NAME)";
				SWIFT_EMIT_LOC_STRINGS = NO;
				SWIFT_VERSION = 5.0;
				TARGETED_DEVICE_FAMILY = "1,2";
				TEST_HOST = "$(BUILT_PRODUCTS_DIR)/LoteriaCard.app/$(BUNDLE_EXECUTABLE_FOLDER_PATH)/LoteriaCard";
			};
			name = Debug;
		};
		37D9C1552AE9596500594C3F /* Release */ = {
			isa = XCBuildConfiguration;
			buildSettings = {
				ALWAYS_EMBED_SWIFT_STANDARD_LIBRARIES = YES;
				BUNDLE_LOADER = "$(TEST_HOST)";
				CODE_SIGN_STYLE = Automatic;
				CURRENT_PROJECT_VERSION = 1;
				DEVELOPMENT_TEAM = 87CQWGCKW5;
				GENERATE_INFOPLIST_FILE = YES;
				IPHONEOS_DEPLOYMENT_TARGET = 17.0;
				MARKETING_VERSION = 1.0;
				PRODUCT_BUNDLE_IDENTIFIER = "VillanuevaJD-Inc.LoteriaCardTests";
				PRODUCT_NAME = "$(TARGET_NAME)";
				SWIFT_EMIT_LOC_STRINGS = NO;
				SWIFT_VERSION = 5.0;
				TARGETED_DEVICE_FAMILY = "1,2";
				TEST_HOST = "$(BUILT_PRODUCTS_DIR)/LoteriaCard.app/$(BUNDLE_EXECUTABLE_FOLDER_PATH)/LoteriaCard";
			};
			name = Release;
		};
		37D9C1572AE9596500594C3F /* Debug */ = {
			isa = XCBuildConfiguration;
			buildSettings = {
				ALWAYS_EMBED_SWIFT_STANDARD_LIBRARIES = YES;
				CODE_SIGN_STYLE = Automatic;
				CURRENT_PROJECT_VERSION = 1;
				DEVELOPMENT_TEAM = 87CQWGCKW5;
				GENERATE_INFOPLIST_FILE = YES;
				MARKETING_VERSION = 1.0;
				PRODUCT_BUNDLE_IDENTIFIER = "VillanuevaJD-Inc.LoteriaCardUITests";
				PRODUCT_NAME = "$(TARGET_NAME)";
				SWIFT_EMIT_LOC_STRINGS = NO;
				SWIFT_VERSION = 5.0;
				TARGETED_DEVICE_FAMILY = "1,2";
				TEST_TARGET_NAME = LoteriaCard;
			};
			name = Debug;
		};
		37D9C1582AE9596500594C3F /* Release */ = {
			isa = XCBuildConfiguration;
			buildSettings = {
				ALWAYS_EMBED_SWIFT_STANDARD_LIBRARIES = YES;
				CODE_SIGN_STYLE = Automatic;
				CURRENT_PROJECT_VERSION = 1;
				DEVELOPMENT_TEAM = 87CQWGCKW5;
				GENERATE_INFOPLIST_FILE = YES;
				MARKETING_VERSION = 1.0;
				PRODUCT_BUNDLE_IDENTIFIER = "VillanuevaJD-Inc.LoteriaCardUITests";
				PRODUCT_NAME = "$(TARGET_NAME)";
				SWIFT_EMIT_LOC_STRINGS = NO;
				SWIFT_VERSION = 5.0;
				TARGETED_DEVICE_FAMILY = "1,2";
				TEST_TARGET_NAME = LoteriaCard;
			};
			name = Release;
		};
/* End XCBuildConfiguration section */

/* Begin XCConfigurationList section */
		37D9C1212AE9595E00594C3F /* Build configuration list for PBXProject "LoteriaCard" */ = {
			isa = XCConfigurationList;
			buildConfigurations = (
				37D9C14E2AE9596500594C3F /* Debug */,
				37D9C14F2AE9596500594C3F /* Release */,
			);
			defaultConfigurationIsVisible = 0;
			defaultConfigurationName = Release;
		};
		37D9C1502AE9596500594C3F /* Build configuration list for PBXNativeTarget "LoteriaCard" */ = {
			isa = XCConfigurationList;
			buildConfigurations = (
				37D9C1512AE9596500594C3F /* Debug */,
				37D9C1522AE9596500594C3F /* Release */,
			);
			defaultConfigurationIsVisible = 0;
			defaultConfigurationName = Release;
		};
		37D9C1532AE9596500594C3F /* Build configuration list for PBXNativeTarget "LoteriaCardTests" */ = {
			isa = XCConfigurationList;
			buildConfigurations = (
				37D9C1542AE9596500594C3F /* Debug */,
				37D9C1552AE9596500594C3F /* Release */,
			);
			defaultConfigurationIsVisible = 0;
			defaultConfigurationName = Release;
		};
		37D9C1562AE9596500594C3F /* Build configuration list for PBXNativeTarget "LoteriaCardUITests" */ = {
			isa = XCConfigurationList;
			buildConfigurations = (
				37D9C1572AE9596500594C3F /* Debug */,
				37D9C1582AE9596500594C3F /* Release */,
			);
			defaultConfigurationIsVisible = 0;
			defaultConfigurationName = Release;
		};
/* End XCConfigurationList section */
	};
	rootObject = 37D9C11E2AE9595E00594C3F /* Project object */;
}
